
Microsoft Visual Studio Solution File, Format Version 12.00
# Visual Studio Version 16
VisualStudioVersion = 16.0.30804.86
MinimumVisualStudioVersion = 10.0.40219.1
Project("{FAE04EC0-301F-11D3-BF4B-00C04F79EFBC}") = "WorkTimeSheet", "WorkTimeSheet\WorkTimeSheet\WorkTimeSheet.csproj", "{3CB1DA7A-D12A-4C71-85F4-B1A015476CE4}"
EndProject
Project("{FAE04EC0-301F-11D3-BF4B-00C04F79EFBC}") = "WorkTimeSheet.Android", "WorkTimeSheet\WorkTimeSheet.Android\WorkTimeSheet.Android.csproj", "{1DA0E50D-8737-4BBB-89F3-2E1433AAEA73}"
EndProject
Project("{FAE04EC0-301F-11D3-BF4B-00C04F79EFBC}") = "WorkTimeSheet.iOS", "WorkTimeSheet\WorkTimeSheet.iOS\WorkTimeSheet.iOS.csproj", "{0E98A847-C35E-42D6-840C-9EF1A881573C}"
EndProject
Project("{FAE04EC0-301F-11D3-BF4B-00C04F79EFBC}") = "WorkTimeSheet.UWP", "WorkTimeSheet\WorkTimeSheet.UWP\WorkTimeSheet.UWP.csproj", "{5E42083F-A576-40AF-92EB-0E9BCC43E9CE}"
EndProject
Global
	GlobalSection(SolutionConfigurationPlatforms) = preSolution
		Ad-Hoc|Any CPU = Ad-Hoc|Any CPU
		Ad-Hoc|ARM = Ad-Hoc|ARM
		Ad-Hoc|iPhone = Ad-Hoc|iPhone
		Ad-Hoc|iPhoneSimulator = Ad-Hoc|iPhoneSimulator
		Ad-Hoc|x64 = Ad-Hoc|x64
		Ad-Hoc|x86 = Ad-Hoc|x86
		AppStore|Any CPU = AppStore|Any CPU
		AppStore|ARM = AppStore|ARM
		AppStore|iPhone = AppStore|iPhone
		AppStore|iPhoneSimulator = AppStore|iPhoneSimulator
		AppStore|x64 = AppStore|x64
		AppStore|x86 = AppStore|x86
		Debug|Any CPU = Debug|Any CPU
		Debug|ARM = Debug|ARM
		Debug|iPhone = Debug|iPhone
		Debug|iPhoneSimulator = Debug|iPhoneSimulator
		Debug|x64 = Debug|x64
		Debug|x86 = Debug|x86
		Release|Any CPU = Release|Any CPU
		Release|ARM = Release|ARM
		Release|iPhone = Release|iPhone
		Release|iPhoneSimulator = Release|iPhoneSimulator
		Release|x64 = Release|x64
		Release|x86 = Release|x86
	EndGlobalSection
	GlobalSection(ProjectConfigurationPlatforms) = postSolution
		{3CB1DA7A-D12A-4C71-85F4-B1A015476CE4}.Ad-Hoc|Any CPU.ActiveCfg = Debug|Any CPU
		{3CB1DA7A-D12A-4C71-85F4-B1A015476CE4}.Ad-Hoc|Any CPU.Build.0 = Debug|Any CPU
		{3CB1DA7A-D12A-4C71-85F4-B1A015476CE4}.Ad-Hoc|ARM.ActiveCfg = Debug|Any CPU
		{3CB1DA7A-D12A-4C71-85F4-B1A015476CE4}.Ad-Hoc|ARM.Build.0 = Debug|Any CPU
		{3CB1DA7A-D12A-4C71-85F4-B1A015476CE4}.Ad-Hoc|iPhone.ActiveCfg = Debug|Any CPU
		{3CB1DA7A-D12A-4C71-85F4-B1A015476CE4}.Ad-Hoc|iPhone.Build.0 = Debug|Any CPU
		{3CB1DA7A-D12A-4C71-85F4-B1A015476CE4}.Ad-Hoc|iPhoneSimulator.ActiveCfg = Debug|Any CPU
		{3CB1DA7A-D12A-4C71-85F4-B1A015476CE4}.Ad-Hoc|iPhoneSimulator.Build.0 = Debug|Any CPU
		{3CB1DA7A-D12A-4C71-85F4-B1A015476CE4}.Ad-Hoc|x64.ActiveCfg = Debug|Any CPU
		{3CB1DA7A-D12A-4C71-85F4-B1A015476CE4}.Ad-Hoc|x64.Build.0 = Debug|Any CPU
		{3CB1DA7A-D12A-4C71-85F4-B1A015476CE4}.Ad-Hoc|x86.ActiveCfg = Debug|Any CPU
		{3CB1DA7A-D12A-4C71-85F4-B1A015476CE4}.Ad-Hoc|x86.Build.0 = Debug|Any CPU
		{3CB1DA7A-D12A-4C71-85F4-B1A015476CE4}.AppStore|Any CPU.ActiveCfg = Debug|Any CPU
		{3CB1DA7A-D12A-4C71-85F4-B1A015476CE4}.AppStore|Any CPU.Build.0 = Debug|Any CPU
		{3CB1DA7A-D12A-4C71-85F4-B1A015476CE4}.AppStore|ARM.ActiveCfg = Debug|Any CPU
		{3CB1DA7A-D12A-4C71-85F4-B1A015476CE4}.AppStore|ARM.Build.0 = Debug|Any CPU
		{3CB1DA7A-D12A-4C71-85F4-B1A015476CE4}.AppStore|iPhone.ActiveCfg = Debug|Any CPU
		{3CB1DA7A-D12A-4C71-85F4-B1A015476CE4}.AppStore|iPhone.Build.0 = Debug|Any CPU
		{3CB1DA7A-D12A-4C71-85F4-B1A015476CE4}.AppStore|iPhoneSimulator.ActiveCfg = Debug|Any CPU
		{3CB1DA7A-D12A-4C71-85F4-B1A015476CE4}.AppStore|iPhoneSimulator.Build.0 = Debug|Any CPU
		{3CB1DA7A-D12A-4C71-85F4-B1A015476CE4}.AppStore|x64.ActiveCfg = Debug|Any CPU
		{3CB1DA7A-D12A-4C71-85F4-B1A015476CE4}.AppStore|x64.Build.0 = Debug|Any CPU
		{3CB1DA7A-D12A-4C71-85F4-B1A015476CE4}.AppStore|x86.ActiveCfg = Debug|Any CPU
		{3CB1DA7A-D12A-4C71-85F4-B1A015476CE4}.AppStore|x86.Build.0 = Debug|Any CPU
		{3CB1DA7A-D12A-4C71-85F4-B1A015476CE4}.Debug|Any CPU.ActiveCfg = Debug|Any CPU
		{3CB1DA7A-D12A-4C71-85F4-B1A015476CE4}.Debug|Any CPU.Build.0 = Debug|Any CPU
		{3CB1DA7A-D12A-4C71-85F4-B1A015476CE4}.Debug|ARM.ActiveCfg = Debug|Any CPU
		{3CB1DA7A-D12A-4C71-85F4-B1A015476CE4}.Debug|ARM.Build.0 = Debug|Any CPU
		{3CB1DA7A-D12A-4C71-85F4-B1A015476CE4}.Debug|iPhone.ActiveCfg = Debug|Any CPU
		{3CB1DA7A-D12A-4C71-85F4-B1A015476CE4}.Debug|iPhone.Build.0 = Debug|Any CPU
		{3CB1DA7A-D12A-4C71-85F4-B1A015476CE4}.Debug|iPhoneSimulator.ActiveCfg = Debug|Any CPU
		{3CB1DA7A-D12A-4C71-85F4-B1A015476CE4}.Debug|iPhoneSimulator.Build.0 = Debug|Any CPU
		{3CB1DA7A-D12A-4C71-85F4-B1A015476CE4}.Debug|x64.ActiveCfg = Debug|Any CPU
		{3CB1DA7A-D12A-4C71-85F4-B1A015476CE4}.Debug|x64.Build.0 = Debug|Any CPU
		{3CB1DA7A-D12A-4C71-85F4-B1A015476CE4}.Debug|x86.ActiveCfg = Debug|Any CPU
		{3CB1DA7A-D12A-4C71-85F4-B1A015476CE4}.Debug|x86.Build.0 = Debug|Any CPU
		{3CB1DA7A-D12A-4C71-85F4-B1A015476CE4}.Release|Any CPU.ActiveCfg = Release|Any CPU
		{3CB1DA7A-D12A-4C71-85F4-B1A015476CE4}.Release|Any CPU.Build.0 = Release|Any CPU
		{3CB1DA7A-D12A-4C71-85F4-B1A015476CE4}.Release|ARM.ActiveCfg = Release|Any CPU
		{3CB1DA7A-D12A-4C71-85F4-B1A015476CE4}.Release|ARM.Build.0 = Release|Any CPU
		{3CB1DA7A-D12A-4C71-85F4-B1A015476CE4}.Release|iPhone.ActiveCfg = Release|Any CPU
		{3CB1DA7A-D12A-4C71-85F4-B1A015476CE4}.Release|iPhone.Build.0 = Release|Any CPU
		{3CB1DA7A-D12A-4C71-85F4-B1A015476CE4}.Release|iPhoneSimulator.ActiveCfg = Release|Any CPU
		{3CB1DA7A-D12A-4C71-85F4-B1A015476CE4}.Release|iPhoneSimulator.Build.0 = Release|Any CPU
		{3CB1DA7A-D12A-4C71-85F4-B1A015476CE4}.Release|x64.ActiveCfg = Release|Any CPU
		{3CB1DA7A-D12A-4C71-85F4-B1A015476CE4}.Release|x64.Build.0 = Release|Any CPU
		{3CB1DA7A-D12A-4C71-85F4-B1A015476CE4}.Release|x86.ActiveCfg = Release|Any CPU
		{3CB1DA7A-D12A-4C71-85F4-B1A015476CE4}.Release|x86.Build.0 = Release|Any CPU
		{1DA0E50D-8737-4BBB-89F3-2E1433AAEA73}.Ad-Hoc|Any CPU.ActiveCfg = Debug|Any CPU
		{1DA0E50D-8737-4BBB-89F3-2E1433AAEA73}.Ad-Hoc|Any CPU.Build.0 = Debug|Any CPU
		{1DA0E50D-8737-4BBB-89F3-2E1433AAEA73}.Ad-Hoc|Any CPU.Deploy.0 = Debug|Any CPU
		{1DA0E50D-8737-4BBB-89F3-2E1433AAEA73}.Ad-Hoc|ARM.ActiveCfg = Debug|Any CPU
		{1DA0E50D-8737-4BBB-89F3-2E1433AAEA73}.Ad-Hoc|ARM.Build.0 = Debug|Any CPU
		{1DA0E50D-8737-4BBB-89F3-2E1433AAEA73}.Ad-Hoc|ARM.Deploy.0 = Debug|Any CPU
		{1DA0E50D-8737-4BBB-89F3-2E1433AAEA73}.Ad-Hoc|iPhone.ActiveCfg = Debug|Any CPU
		{1DA0E50D-8737-4BBB-89F3-2E1433AAEA73}.Ad-Hoc|iPhone.Build.0 = Debug|Any CPU
		{1DA0E50D-8737-4BBB-89F3-2E1433AAEA73}.Ad-Hoc|iPhone.Deploy.0 = Debug|Any CPU
		{1DA0E50D-8737-4BBB-89F3-2E1433AAEA73}.Ad-Hoc|iPhoneSimulator.ActiveCfg = Debug|Any CPU
		{1DA0E50D-8737-4BBB-89F3-2E1433AAEA73}.Ad-Hoc|iPhoneSimulator.Build.0 = Debug|Any CPU
		{1DA0E50D-8737-4BBB-89F3-2E1433AAEA73}.Ad-Hoc|iPhoneSimulator.Deploy.0 = Debug|Any CPU
		{1DA0E50D-8737-4BBB-89F3-2E1433AAEA73}.Ad-Hoc|x64.ActiveCfg = Debug|Any CPU
		{1DA0E50D-8737-4BBB-89F3-2E1433AAEA73}.Ad-Hoc|x64.Build.0 = Debug|Any CPU
		{1DA0E50D-8737-4BBB-89F3-2E1433AAEA73}.Ad-Hoc|x64.Deploy.0 = Debug|Any CPU
		{1DA0E50D-8737-4BBB-89F3-2E1433AAEA73}.Ad-Hoc|x86.ActiveCfg = Debug|Any CPU
		{1DA0E50D-8737-4BBB-89F3-2E1433AAEA73}.Ad-Hoc|x86.Build.0 = Debug|Any CPU
		{1DA0E50D-8737-4BBB-89F3-2E1433AAEA73}.Ad-Hoc|x86.Deploy.0 = Debug|Any CPU
		{1DA0E50D-8737-4BBB-89F3-2E1433AAEA73}.AppStore|Any CPU.ActiveCfg = Debug|Any CPU
		{1DA0E50D-8737-4BBB-89F3-2E1433AAEA73}.AppStore|Any CPU.Build.0 = Debug|Any CPU
		{1DA0E50D-8737-4BBB-89F3-2E1433AAEA73}.AppStore|Any CPU.Deploy.0 = Debug|Any CPU
		{1DA0E50D-8737-4BBB-89F3-2E1433AAEA73}.AppStore|ARM.ActiveCfg = Debug|Any CPU
		{1DA0E50D-8737-4BBB-89F3-2E1433AAEA73}.AppStore|ARM.Build.0 = Debug|Any CPU
		{1DA0E50D-8737-4BBB-89F3-2E1433AAEA73}.AppStore|ARM.Deploy.0 = Debug|Any CPU
		{1DA0E50D-8737-4BBB-89F3-2E1433AAEA73}.AppStore|iPhone.ActiveCfg = Debug|Any CPU
		{1DA0E50D-8737-4BBB-89F3-2E1433AAEA73}.AppStore|iPhone.Build.0 = Debug|Any CPU
		{1DA0E50D-8737-4BBB-89F3-2E1433AAEA73}.AppStore|iPhone.Deploy.0 = Debug|Any CPU
		{1DA0E50D-8737-4BBB-89F3-2E1433AAEA73}.AppStore|iPhoneSimulator.ActiveCfg = Debug|Any CPU
		{1DA0E50D-8737-4BBB-89F3-2E1433AAEA73}.AppStore|iPhoneSimulator.Build.0 = Debug|Any CPU
		{1DA0E50D-8737-4BBB-89F3-2E1433AAEA73}.AppStore|iPhoneSimulator.Deploy.0 = Debug|Any CPU
		{1DA0E50D-8737-4BBB-89F3-2E1433AAEA73}.AppStore|x64.ActiveCfg = Debug|Any CPU
		{1DA0E50D-8737-4BBB-89F3-2E1433AAEA73}.AppStore|x64.Build.0 = Debug|Any CPU
		{1DA0E50D-8737-4BBB-89F3-2E1433AAEA73}.AppStore|x64.Deploy.0 = Debug|Any CPU
		{1DA0E50D-8737-4BBB-89F3-2E1433AAEA73}.AppStore|x86.ActiveCfg = Debug|Any CPU
		{1DA0E50D-8737-4BBB-89F3-2E1433AAEA73}.AppStore|x86.Build.0 = Debug|Any CPU
		{1DA0E50D-8737-4BBB-89F3-2E1433AAEA73}.AppStore|x86.Deploy.0 = Debug|Any CPU
		{1DA0E50D-8737-4BBB-89F3-2E1433AAEA73}.Debug|Any CPU.ActiveCfg = Debug|Any CPU
		{1DA0E50D-8737-4BBB-89F3-2E1433AAEA73}.Debug|Any CPU.Build.0 = Debug|Any CPU
		{1DA0E50D-8737-4BBB-89F3-2E1433AAEA73}.Debug|Any CPU.Deploy.0 = Debug|Any CPU
		{1DA0E50D-8737-4BBB-89F3-2E1433AAEA73}.Debug|ARM.ActiveCfg = Debug|Any CPU
		{1DA0E50D-8737-4BBB-89F3-2E1433AAEA73}.Debug|ARM.Build.0 = Debug|Any CPU
		{1DA0E50D-8737-4BBB-89F3-2E1433AAEA73}.Debug|ARM.Deploy.0 = Debug|Any CPU
		{1DA0E50D-8737-4BBB-89F3-2E1433AAEA73}.Debug|iPhone.ActiveCfg = Debug|Any CPU
		{1DA0E50D-8737-4BBB-89F3-2E1433AAEA73}.Debug|iPhone.Build.0 = Debug|Any CPU
		{1DA0E50D-8737-4BBB-89F3-2E1433AAEA73}.Debug|iPhone.Deploy.0 = Debug|Any CPU
		{1DA0E50D-8737-4BBB-89F3-2E1433AAEA73}.Debug|iPhoneSimulator.ActiveCfg = Debug|Any CPU
		{1DA0E50D-8737-4BBB-89F3-2E1433AAEA73}.Debug|iPhoneSimulator.Build.0 = Debug|Any CPU
		{1DA0E50D-8737-4BBB-89F3-2E1433AAEA73}.Debug|iPhoneSimulator.Deploy.0 = Debug|Any CPU
		{1DA0E50D-8737-4BBB-89F3-2E1433AAEA73}.Debug|x64.ActiveCfg = Debug|Any CPU
		{1DA0E50D-8737-4BBB-89F3-2E1433AAEA73}.Debug|x64.Build.0 = Debug|Any CPU
		{1DA0E50D-8737-4BBB-89F3-2E1433AAEA73}.Debug|x64.Deploy.0 = Debug|Any CPU
		{1DA0E50D-8737-4BBB-89F3-2E1433AAEA73}.Debug|x86.ActiveCfg = Debug|Any CPU
		{1DA0E50D-8737-4BBB-89F3-2E1433AAEA73}.Debug|x86.Build.0 = Debug|Any CPU
		{1DA0E50D-8737-4BBB-89F3-2E1433AAEA73}.Debug|x86.Deploy.0 = Debug|Any CPU
		{1DA0E50D-8737-4BBB-89F3-2E1433AAEA73}.Release|Any CPU.ActiveCfg = Release|Any CPU
		{1DA0E50D-8737-4BBB-89F3-2E1433AAEA73}.Release|Any CPU.Build.0 = Release|Any CPU
		{1DA0E50D-8737-4BBB-89F3-2E1433AAEA73}.Release|Any CPU.Deploy.0 = Release|Any CPU
		{1DA0E50D-8737-4BBB-89F3-2E1433AAEA73}.Release|ARM.ActiveCfg = Release|Any CPU
		{1DA0E50D-8737-4BBB-89F3-2E1433AAEA73}.Release|ARM.Build.0 = Release|Any CPU
		{1DA0E50D-8737-4BBB-89F3-2E1433AAEA73}.Release|ARM.Deploy.0 = Release|Any CPU
		{1DA0E50D-8737-4BBB-89F3-2E1433AAEA73}.Release|iPhone.ActiveCfg = Release|Any CPU
		{1DA0E50D-8737-4BBB-89F3-2E1433AAEA73}.Release|iPhone.Build.0 = Release|Any CPU
		{1DA0E50D-8737-4BBB-89F3-2E1433AAEA73}.Release|iPhone.Deploy.0 = Release|Any CPU
		{1DA0E50D-8737-4BBB-89F3-2E1433AAEA73}.Release|iPhoneSimulator.ActiveCfg = Release|Any CPU
		{1DA0E50D-8737-4BBB-89F3-2E1433AAEA73}.Release|iPhoneSimulator.Build.0 = Release|Any CPU
		{1DA0E50D-8737-4BBB-89F3-2E1433AAEA73}.Release|iPhoneSimulator.Deploy.0 = Release|Any CPU
		{1DA0E50D-8737-4BBB-89F3-2E1433AAEA73}.Release|x64.ActiveCfg = Release|Any CPU
		{1DA0E50D-8737-4BBB-89F3-2E1433AAEA73}.Release|x64.Build.0 = Release|Any CPU
		{1DA0E50D-8737-4BBB-89F3-2E1433AAEA73}.Release|x64.Deploy.0 = Release|Any CPU
		{1DA0E50D-8737-4BBB-89F3-2E1433AAEA73}.Release|x86.ActiveCfg = Release|Any CPU
		{1DA0E50D-8737-4BBB-89F3-2E1433AAEA73}.Release|x86.Build.0 = Release|Any CPU
		{1DA0E50D-8737-4BBB-89F3-2E1433AAEA73}.Release|x86.Deploy.0 = Release|Any CPU
		{0E98A847-C35E-42D6-840C-9EF1A881573C}.Ad-Hoc|Any CPU.ActiveCfg = Ad-Hoc|iPhoneSimulator
		{0E98A847-C35E-42D6-840C-9EF1A881573C}.Ad-Hoc|ARM.ActiveCfg = Ad-Hoc|iPhoneSimulator
		{0E98A847-C35E-42D6-840C-9EF1A881573C}.Ad-Hoc|iPhone.ActiveCfg = Ad-Hoc|iPhone
		{0E98A847-C35E-42D6-840C-9EF1A881573C}.Ad-Hoc|iPhone.Build.0 = Ad-Hoc|iPhone
		{0E98A847-C35E-42D6-840C-9EF1A881573C}.Ad-Hoc|iPhoneSimulator.ActiveCfg = Ad-Hoc|iPhoneSimulator
		{0E98A847-C35E-42D6-840C-9EF1A881573C}.Ad-Hoc|iPhoneSimulator.Build.0 = Ad-Hoc|iPhoneSimulator
		{0E98A847-C35E-42D6-840C-9EF1A881573C}.Ad-Hoc|x64.ActiveCfg = Ad-Hoc|iPhoneSimulator
		{0E98A847-C35E-42D6-840C-9EF1A881573C}.Ad-Hoc|x86.ActiveCfg = Ad-Hoc|iPhoneSimulator
		{0E98A847-C35E-42D6-840C-9EF1A881573C}.AppStore|Any CPU.ActiveCfg = AppStore|iPhoneSimulator
		{0E98A847-C35E-42D6-840C-9EF1A881573C}.AppStore|ARM.ActiveCfg = AppStore|iPhoneSimulator
		{0E98A847-C35E-42D6-840C-9EF1A881573C}.AppStore|iPhone.ActiveCfg = AppStore|iPhone
		{0E98A847-C35E-42D6-840C-9EF1A881573C}.AppStore|iPhone.Build.0 = AppStore|iPhone
		{0E98A847-C35E-42D6-840C-9EF1A881573C}.AppStore|iPhoneSimulator.ActiveCfg = AppStore|iPhoneSimulator
		{0E98A847-C35E-42D6-840C-9EF1A881573C}.AppStore|iPhoneSimulator.Build.0 = AppStore|iPhoneSimulator
		{0E98A847-C35E-42D6-840C-9EF1A881573C}.AppStore|x64.ActiveCfg = AppStore|iPhoneSimulator
		{0E98A847-C35E-42D6-840C-9EF1A881573C}.AppStore|x86.ActiveCfg = AppStore|iPhoneSimulator
		{0E98A847-C35E-42D6-840C-9EF1A881573C}.Debug|Any CPU.ActiveCfg = Debug|iPhoneSimulator
		{0E98A847-C35E-42D6-840C-9EF1A881573C}.Debug|ARM.ActiveCfg = Debug|iPhoneSimulator
		{0E98A847-C35E-42D6-840C-9EF1A881573C}.Debug|iPhone.ActiveCfg = Debug|iPhone
		{0E98A847-C35E-42D6-840C-9EF1A881573C}.Debug|iPhone.Build.0 = Debug|iPhone
		{0E98A847-C35E-42D6-840C-9EF1A881573C}.Debug|iPhoneSimulator.ActiveCfg = Debug|iPhoneSimulator
		{0E98A847-C35E-42D6-840C-9EF1A881573C}.Debug|iPhoneSimulator.Build.0 = Debug|iPhoneSimulator
		{0E98A847-C35E-42D6-840C-9EF1A881573C}.Debug|x64.ActiveCfg = Debug|iPhoneSimulator
		{0E98A847-C35E-42D6-840C-9EF1A881573C}.Debug|x86.ActiveCfg = Debug|iPhoneSimulator
		{0E98A847-C35E-42D6-840C-9EF1A881573C}.Release|Any CPU.ActiveCfg = Release|iPhoneSimulator
		{0E98A847-C35E-42D6-840C-9EF1A881573C}.Release|ARM.ActiveCfg = Release|iPhoneSimulator
		{0E98A847-C35E-42D6-840C-9EF1A881573C}.Release|iPhone.ActiveCfg = Release|iPhone
		{0E98A847-C35E-42D6-840C-9EF1A881573C}.Release|iPhone.Build.0 = Release|iPhone
		{0E98A847-C35E-42D6-840C-9EF1A881573C}.Release|iPhoneSimulator.ActiveCfg = Release|iPhoneSimulator
		{0E98A847-C35E-42D6-840C-9EF1A881573C}.Release|iPhoneSimulator.Build.0 = Release|iPhoneSimulator
		{0E98A847-C35E-42D6-840C-9EF1A881573C}.Release|x64.ActiveCfg = Release|iPhoneSimulator
		{0E98A847-C35E-42D6-840C-9EF1A881573C}.Release|x86.ActiveCfg = Release|iPhoneSimulator
		{5E42083F-A576-40AF-92EB-0E9BCC43E9CE}.Ad-Hoc|Any CPU.ActiveCfg = Debug|ARM
		{5E42083F-A576-40AF-92EB-0E9BCC43E9CE}.Ad-Hoc|Any CPU.Build.0 = Debug|ARM
		{5E42083F-A576-40AF-92EB-0E9BCC43E9CE}.Ad-Hoc|Any CPU.Deploy.0 = Debug|ARM
		{5E42083F-A576-40AF-92EB-0E9BCC43E9CE}.Ad-Hoc|ARM.ActiveCfg = Debug|ARM
		{5E42083F-A576-40AF-92EB-0E9BCC43E9CE}.Ad-Hoc|ARM.Build.0 = Debug|ARM
		{5E42083F-A576-40AF-92EB-0E9BCC43E9CE}.Ad-Hoc|ARM.Deploy.0 = Debug|ARM
		{5E42083F-A576-40AF-92EB-0E9BCC43E9CE}.Ad-Hoc|iPhone.ActiveCfg = Debug|ARM
		{5E42083F-A576-40AF-92EB-0E9BCC43E9CE}.Ad-Hoc|iPhone.Build.0 = Debug|ARM
		{5E42083F-A576-40AF-92EB-0E9BCC43E9CE}.Ad-Hoc|iPhone.Deploy.0 = Debug|ARM
		{5E42083F-A576-40AF-92EB-0E9BCC43E9CE}.Ad-Hoc|iPhoneSimulator.ActiveCfg = Debug|ARM
		{5E42083F-A576-40AF-92EB-0E9BCC43E9CE}.Ad-Hoc|iPhoneSimulator.Build.0 = Debug|ARM
		{5E42083F-A576-40AF-92EB-0E9BCC43E9CE}.Ad-Hoc|iPhoneSimulator.Deploy.0 = Debug|ARM
		{5E42083F-A576-40AF-92EB-0E9BCC43E9CE}.Ad-Hoc|x64.ActiveCfg = Debug|x64
		{5E42083F-A576-40AF-92EB-0E9BCC43E9CE}.Ad-Hoc|x64.Build.0 = Debug|x64
		{5E42083F-A576-40AF-92EB-0E9BCC43E9CE}.Ad-Hoc|x64.Deploy.0 = Debug|x64
		{5E42083F-A576-40AF-92EB-0E9BCC43E9CE}.Ad-Hoc|x86.ActiveCfg = Debug|x86
		{5E42083F-A576-40AF-92EB-0E9BCC43E9CE}.Ad-Hoc|x86.Build.0 = Debug|x86
		{5E42083F-A576-40AF-92EB-0E9BCC43E9CE}.Ad-Hoc|x86.Deploy.0 = Debug|x86
		{5E42083F-A576-40AF-92EB-0E9BCC43E9CE}.AppStore|Any CPU.ActiveCfg = Debug|ARM
		{5E42083F-A576-40AF-92EB-0E9BCC43E9CE}.AppStore|Any CPU.Build.0 = Debug|ARM
		{5E42083F-A576-40AF-92EB-0E9BCC43E9CE}.AppStore|Any CPU.Deploy.0 = Debug|ARM
		{5E42083F-A576-40AF-92EB-0E9BCC43E9CE}.AppStore|ARM.ActiveCfg = Debug|ARM
		{5E42083F-A576-40AF-92EB-0E9BCC43E9CE}.AppStore|ARM.Build.0 = Debug|ARM
		{5E42083F-A576-40AF-92EB-0E9BCC43E9CE}.AppStore|ARM.Deploy.0 = Debug|ARM
		{5E42083F-A576-40AF-92EB-0E9BCC43E9CE}.AppStore|iPhone.ActiveCfg = Debug|ARM
		{5E42083F-A576-40AF-92EB-0E9BCC43E9CE}.AppStore|iPhone.Build.0 = Debug|ARM
		{5E42083F-A576-40AF-92EB-0E9BCC43E9CE}.AppStore|iPhone.Deploy.0 = Debug|ARM
		{5E42083F-A576-40AF-92EB-0E9BCC43E9CE}.AppStore|iPhoneSimulator.ActiveCfg = Debug|ARM
		{5E42083F-A576-40AF-92EB-0E9BCC43E9CE}.AppStore|iPhoneSimulator.Build.0 = Debug|ARM
		{5E42083F-A576-40AF-92EB-0E9BCC43E9CE}.AppStore|iPhoneSimulator.Deploy.0 = Debug|ARM
		{5E42083F-A576-40AF-92EB-0E9BCC43E9CE}.AppStore|x64.ActiveCfg = Debug|x64
		{5E42083F-A576-40AF-92EB-0E9BCC43E9CE}.AppStore|x64.Build.0 = Debug|x64
		{5E42083F-A576-40AF-92EB-0E9BCC43E9CE}.AppStore|x64.Deploy.0 = Debug|x64
		{5E42083F-A576-40AF-92EB-0E9BCC43E9CE}.AppStore|x86.ActiveCfg = Debug|x86
		{5E42083F-A576-40AF-92EB-0E9BCC43E9CE}.AppStore|x86.Build.0 = Debug|x86
		{5E42083F-A576-40AF-92EB-0E9BCC43E9CE}.AppStore|x86.Deploy.0 = Debug|x86
		{5E42083F-A576-40AF-92EB-0E9BCC43E9CE}.Debug|Any CPU.ActiveCfg = Debug|x86
		{5E42083F-A576-40AF-92EB-0E9BCC43E9CE}.Debug|ARM.ActiveCfg = Debug|ARM
		{5E42083F-A576-40AF-92EB-0E9BCC43E9CE}.Debug|ARM.Build.0 = Debug|ARM
		{5E42083F-A576-40AF-92EB-0E9BCC43E9CE}.Debug|ARM.Deploy.0 = Debug|ARM
		{5E42083F-A576-40AF-92EB-0E9BCC43E9CE}.Debug|iPhone.ActiveCfg = Debug|x86
		{5E42083F-A576-40AF-92EB-0E9BCC43E9CE}.Debug|iPhoneSimulator.ActiveCfg = Debug|x86
		{5E42083F-A576-40AF-92EB-0E9BCC43E9CE}.Debug|x64.ActiveCfg = Debug|x64
		{5E42083F-A576-40AF-92EB-0E9BCC43E9CE}.Debug|x64.Build.0 = Debug|x64
		{5E42083F-A576-40AF-92EB-0E9BCC43E9CE}.Debug|x64.Deploy.0 = Debug|x64
		{5E42083F-A576-40AF-92EB-0E9BCC43E9CE}.Debug|x86.ActiveCfg = Debug|x86
		{5E42083F-A576-40AF-92EB-0E9BCC43E9CE}.Debug|x86.Build.0 = Debug|x86
		{5E42083F-A576-40AF-92EB-0E9BCC43E9CE}.Debug|x86.Deploy.0 = Debug|x86
		{5E42083F-A576-40AF-92EB-0E9BCC43E9CE}.Release|Any CPU.ActiveCfg = Release|x86
		{5E42083F-A576-40AF-92EB-0E9BCC43E9CE}.Release|ARM.ActiveCfg = Release|ARM
		{5E42083F-A576-40AF-92EB-0E9BCC43E9CE}.Release|ARM.Build.0 = Release|ARM
		{5E42083F-A576-40AF-92EB-0E9BCC43E9CE}.Release|ARM.Deploy.0 = Release|ARM
		{5E42083F-A576-40AF-92EB-0E9BCC43E9CE}.Release|iPhone.ActiveCfg = Release|x86
		{5E42083F-A576-40AF-92EB-0E9BCC43E9CE}.Release|iPhoneSimulator.ActiveCfg = Release|x86
		{5E42083F-A576-40AF-92EB-0E9BCC43E9CE}.Release|x64.ActiveCfg = Release|x64
		{5E42083F-A576-40AF-92EB-0E9BCC43E9CE}.Release|x64.Build.0 = Release|x64
		{5E42083F-A576-40AF-92EB-0E9BCC43E9CE}.Release|x64.Deploy.0 = Release|x64
		{5E42083F-A576-40AF-92EB-0E9BCC43E9CE}.Release|x86.ActiveCfg = Release|x86
		{5E42083F-A576-40AF-92EB-0E9BCC43E9CE}.Release|x86.Build.0 = Release|x86
		{5E42083F-A576-40AF-92EB-0E9BCC43E9CE}.Release|x86.Deploy.0 = Release|x86
	EndGlobalSection
	GlobalSection(SolutionProperties) = preSolution
		HideSolutionNode = FALSE
	EndGlobalSection
	GlobalSection(ExtensibilityGlobals) = postSolution
		SolutionGuid = {B9DB65F0-CAD3-4EC3-B30C-6F345E67475B}
	EndGlobalSection
EndGlobal
